
Microsoft Visual Studio Solution File, Format Version 12.00
# Visual Studio Version 17
VisualStudioVersion = 17.6.33829.357
MinimumVisualStudioVersion = 10.0.40219.1
Project("{FAE04EC0-301F-11D3-BF4B-00C04F79EFBC}") = "TCPZebra_test", "TCPZebra_test\TCPZebra_test.csproj", "{12FBDD2A-366C-4F7E-AD2D-EFF14AC15183}"
EndProject
Global
	GlobalSection(SolutionConfigurationPlatforms) = preSolution
		Debug|Any CPU = Debug|Any CPU
		Release|Any CPU = Release|Any CPU
	EndGlobalSection
	GlobalSection(ProjectConfigurationPlatforms) = postSolution
		{12FBDD2A-366C-4F7E-AD2D-EFF14AC15183}.Debug|Any CPU.ActiveCfg = Debug|Any CPU
		{12FBDD2A-366C-4F7E-AD2D-EFF14AC15183}.Debug|Any CPU.Build.0 = Debug|Any CPU
		{12FBDD2A-366C-4F7E-AD2D-EFF14AC15183}.Release|Any CPU.ActiveCfg = Release|Any CPU
		{12FBDD2A-366C-4F7E-AD2D-EFF14AC15183}.Release|Any CPU.Build.0 = Release|Any CPU
	EndGlobalSection
	GlobalSection(SolutionProperties) = preSolution
		HideSolutionNode = FALSE
	EndGlobalSection
	GlobalSection(ExtensibilityGlobals) = postSolution
		SolutionGuid = {DE3AE4FF-6E92-472E-ACA0-23D78DAF97AB}
	EndGlobalSection
EndGlobal
